
Microsoft Visual Studio Solution File, Format Version 12.00
# Visual Studio Version 17
VisualStudioVersion = 17.5.33424.131
MinimumVisualStudioVersion = 10.0.40219.1
Project("{9A19103F-16F7-4668-BE54-9A1E7A4F7556}") = "Atividade3", "Atividade3.csproj", "{ADBB89CB-285B-4A81-9A37-3E2AC44127A7}"
EndProject
Global
	GlobalSection(SolutionConfigurationPlatforms) = preSolution
		Debug|Any CPU = Debug|Any CPU
		Release|Any CPU = Release|Any CPU
	EndGlobalSection
	GlobalSection(ProjectConfigurationPlatforms) = postSolution
		{ADBB89CB-285B-4A81-9A37-3E2AC44127A7}.Debug|Any CPU.ActiveCfg = Debug|Any CPU
		{ADBB89CB-285B-4A81-9A37-3E2AC44127A7}.Debug|Any CPU.Build.0 = Debug|Any CPU
		{ADBB89CB-285B-4A81-9A37-3E2AC44127A7}.Release|Any CPU.ActiveCfg = Release|Any CPU
		{ADBB89CB-285B-4A81-9A37-3E2AC44127A7}.Release|Any CPU.Build.0 = Release|Any CPU
	EndGlobalSection
	GlobalSection(SolutionProperties) = preSolution
		HideSolutionNode = FALSE
	EndGlobalSection
	GlobalSection(ExtensibilityGlobals) = postSolution
		SolutionGuid = {E6106153-1F56-4505-8F72-A941ECA6F8A3}
	EndGlobalSection
EndGlobal
